
Microsoft Visual Studio Solution File, Format Version 12.00
# Visual Studio Version 17
VisualStudioVersion = 17.13.35931.197
MinimumVisualStudioVersion = 10.0.40219.1
Project("{FAE04EC0-301F-11D3-BF4B-00C04F79EFBC}") = "LOCAFY.Presentation", "LOCAFY.Presentation\LOCAFY.Presentation.csproj", "{F70E98D7-4726-4F11-ABDF-2DD2026DC07B}"
EndProject
Project("{FAE04EC0-301F-11D3-BF4B-00C04F79EFBC}") = "LOCAFY.Domain", "LOCAFY.Domain\LOCAFY.Domain.csproj", "{8A8D2A24-DB3E-45AE-BF75-98BFF164F1A4}"
EndProject
Project("{FAE04EC0-301F-11D3-BF4B-00C04F79EFBC}") = "LOCAFY.Application", "LOCAFY.Application\LOCAFY.Application.csproj", "{FE22F634-2331-4A34-9EC9-9742CE535552}"
EndProject
Project("{FAE04EC0-301F-11D3-BF4B-00C04F79EFBC}") = "LOCAFY.Infrastructure", "LOCAFY.Infrastructure\LOCAFY.Infrastructure.csproj", "{1D8C0201-3051-448C-920C-505AB5DEAABC}"
EndProject
Global
	GlobalSection(SolutionConfigurationPlatforms) = preSolution
		Debug|Any CPU = Debug|Any CPU
		Release|Any CPU = Release|Any CPU
	EndGlobalSection
	GlobalSection(ProjectConfigurationPlatforms) = postSolution
		{F70E98D7-4726-4F11-ABDF-2DD2026DC07B}.Debug|Any CPU.ActiveCfg = Debug|Any CPU
		{F70E98D7-4726-4F11-ABDF-2DD2026DC07B}.Debug|Any CPU.Build.0 = Debug|Any CPU
		{F70E98D7-4726-4F11-ABDF-2DD2026DC07B}.Release|Any CPU.ActiveCfg = Release|Any CPU
		{F70E98D7-4726-4F11-ABDF-2DD2026DC07B}.Release|Any CPU.Build.0 = Release|Any CPU
		{8A8D2A24-DB3E-45AE-BF75-98BFF164F1A4}.Debug|Any CPU.ActiveCfg = Debug|Any CPU
		{8A8D2A24-DB3E-45AE-BF75-98BFF164F1A4}.Debug|Any CPU.Build.0 = Debug|Any CPU
		{8A8D2A24-DB3E-45AE-BF75-98BFF164F1A4}.Release|Any CPU.ActiveCfg = Release|Any CPU
		{8A8D2A24-DB3E-45AE-BF75-98BFF164F1A4}.Release|Any CPU.Build.0 = Release|Any CPU
		{FE22F634-2331-4A34-9EC9-9742CE535552}.Debug|Any CPU.ActiveCfg = Debug|Any CPU
		{FE22F634-2331-4A34-9EC9-9742CE535552}.Debug|Any CPU.Build.0 = Debug|Any CPU
		{FE22F634-2331-4A34-9EC9-9742CE535552}.Release|Any CPU.ActiveCfg = Release|Any CPU
		{FE22F634-2331-4A34-9EC9-9742CE535552}.Release|Any CPU.Build.0 = Release|Any CPU
		{1D8C0201-3051-448C-920C-505AB5DEAABC}.Debug|Any CPU.ActiveCfg = Debug|Any CPU
		{1D8C0201-3051-448C-920C-505AB5DEAABC}.Debug|Any CPU.Build.0 = Debug|Any CPU
		{1D8C0201-3051-448C-920C-505AB5DEAABC}.Release|Any CPU.ActiveCfg = Release|Any CPU
		{1D8C0201-3051-448C-920C-505AB5DEAABC}.Release|Any CPU.Build.0 = Release|Any CPU
	EndGlobalSection
	GlobalSection(SolutionProperties) = preSolution
		HideSolutionNode = FALSE
	EndGlobalSection
	GlobalSection(ExtensibilityGlobals) = postSolution
		SolutionGuid = {EE0BF3D4-AD08-49BA-97FD-CA1FEDD2F492}
	EndGlobalSection
EndGlobal
